
Microsoft Visual Studio Solution File, Format Version 12.00
# Visual Studio Version 16
VisualStudioVersion = 16.0.28922.388
MinimumVisualStudioVersion = 10.0.40219.1
Project("{8BC9CEB8-8B4A-11D0-8D11-00A0C91BC942}") = "HelloWorld", "HelloWorld\HelloWorld.vcxproj", "{B212B215-445A-47ED-86A0-2621BA432B7E}"
EndProject
Global
	GlobalSection(SolutionConfigurationPlatforms) = preSolution
		Debug|x64 = Debug|x64
		Debug|x86 = Debug|x86
		Release|x64 = Release|x64
		Release|x86 = Release|x86
	EndGlobalSection
	GlobalSection(ProjectConfigurationPlatforms) = postSolution
		{B212B215-445A-47ED-86A0-2621BA432B7E}.Debug|x64.ActiveCfg = Debug|x64
		{B212B215-445A-47ED-86A0-2621BA432B7E}.Debug|x64.Build.0 = Debug|x64
		{B212B215-445A-47ED-86A0-2621BA432B7E}.Debug|x86.ActiveCfg = Debug|Win32
		{B212B215-445A-47ED-86A0-2621BA432B7E}.Debug|x86.Build.0 = Debug|Win32
		{B212B215-445A-47ED-86A0-2621BA432B7E}.Release|x64.ActiveCfg = Release|x64
		{B212B215-445A-47ED-86A0-2621BA432B7E}.Release|x64.Build.0 = Release|x64
		{B212B215-445A-47ED-86A0-2621BA432B7E}.Release|x86.ActiveCfg = Release|Win32
		{B212B215-445A-47ED-86A0-2621BA432B7E}.Release|x86.Build.0 = Release|Win32
	EndGlobalSection
	GlobalSection(SolutionProperties) = preSolution
		HideSolutionNode = FALSE
	EndGlobalSection
	GlobalSection(ExtensibilityGlobals) = postSolution
		SolutionGuid = {DF6B9E1D-192C-4DEE-9762-9B5BFB88A1CB}
	EndGlobalSection
EndGlobal
